
Microsoft Visual Studio Solution File, Format Version 12.00
# Visual Studio Version 17
VisualStudioVersion = 17.2.32505.173
MinimumVisualStudioVersion = 10.0.40219.1
Project("{9A19103F-16F7-4668-BE54-9A1E7A4F7556}") = "CryptoHubAPI", "CryptoHubAPI\CryptoHubAPI.csproj", "{611FD36A-231E-4A29-832E-6201E2F55434}"
EndProject
Project("{9A19103F-16F7-4668-BE54-9A1E7A4F7556}") = "Domain", "Domain\Domain.csproj", "{435B5681-4062-4799-A8FB-C7368112E9A3}"
EndProject
Project("{9A19103F-16F7-4668-BE54-9A1E7A4F7556}") = "BusinessLogic", "BusinessLogic\BusinessLogic.csproj", "{1EF32BD6-4C5D-4537-89D3-9785B45AA5B7}"
EndProject
Project("{9A19103F-16F7-4668-BE54-9A1E7A4F7556}") = "Infrastructure", "Infrastructure\Infrastructure.csproj", "{2D7CE8FF-5A9C-400D-8BB4-D64DAAC3441D}"
EndProject
Project("{FAE04EC0-301F-11D3-BF4B-00C04F79EFBC}") = "UnitTests", "UnitTests\UnitTests.csproj", "{1D516DB7-4DE4-4DEF-B4DC-59459FFD8C19}"
EndProject
Global
	GlobalSection(SolutionConfigurationPlatforms) = preSolution
		Debug|Any CPU = Debug|Any CPU
		Release|Any CPU = Release|Any CPU
	EndGlobalSection
	GlobalSection(ProjectConfigurationPlatforms) = postSolution
		{611FD36A-231E-4A29-832E-6201E2F55434}.Debug|Any CPU.ActiveCfg = Debug|Any CPU
		{611FD36A-231E-4A29-832E-6201E2F55434}.Debug|Any CPU.Build.0 = Debug|Any CPU
		{611FD36A-231E-4A29-832E-6201E2F55434}.Release|Any CPU.ActiveCfg = Release|Any CPU
		{611FD36A-231E-4A29-832E-6201E2F55434}.Release|Any CPU.Build.0 = Release|Any CPU
		{435B5681-4062-4799-A8FB-C7368112E9A3}.Debug|Any CPU.ActiveCfg = Debug|Any CPU
		{435B5681-4062-4799-A8FB-C7368112E9A3}.Debug|Any CPU.Build.0 = Debug|Any CPU
		{435B5681-4062-4799-A8FB-C7368112E9A3}.Release|Any CPU.ActiveCfg = Release|Any CPU
		{435B5681-4062-4799-A8FB-C7368112E9A3}.Release|Any CPU.Build.0 = Release|Any CPU
		{1EF32BD6-4C5D-4537-89D3-9785B45AA5B7}.Debug|Any CPU.ActiveCfg = Debug|Any CPU
		{1EF32BD6-4C5D-4537-89D3-9785B45AA5B7}.Debug|Any CPU.Build.0 = Debug|Any CPU
		{1EF32BD6-4C5D-4537-89D3-9785B45AA5B7}.Release|Any CPU.ActiveCfg = Release|Any CPU
		{1EF32BD6-4C5D-4537-89D3-9785B45AA5B7}.Release|Any CPU.Build.0 = Release|Any CPU
		{2D7CE8FF-5A9C-400D-8BB4-D64DAAC3441D}.Debug|Any CPU.ActiveCfg = Debug|Any CPU
		{2D7CE8FF-5A9C-400D-8BB4-D64DAAC3441D}.Debug|Any CPU.Build.0 = Debug|Any CPU
		{2D7CE8FF-5A9C-400D-8BB4-D64DAAC3441D}.Release|Any CPU.ActiveCfg = Release|Any CPU
		{2D7CE8FF-5A9C-400D-8BB4-D64DAAC3441D}.Release|Any CPU.Build.0 = Release|Any CPU
		{1D516DB7-4DE4-4DEF-B4DC-59459FFD8C19}.Debug|Any CPU.ActiveCfg = Debug|Any CPU
		{1D516DB7-4DE4-4DEF-B4DC-59459FFD8C19}.Debug|Any CPU.Build.0 = Debug|Any CPU
		{1D516DB7-4DE4-4DEF-B4DC-59459FFD8C19}.Release|Any CPU.ActiveCfg = Release|Any CPU
		{1D516DB7-4DE4-4DEF-B4DC-59459FFD8C19}.Release|Any CPU.Build.0 = Release|Any CPU
	EndGlobalSection
	GlobalSection(SolutionProperties) = preSolution
		HideSolutionNode = FALSE
	EndGlobalSection
	GlobalSection(ExtensibilityGlobals) = postSolution
		SolutionGuid = {4F479CA2-7D6C-48B2-8799-D14FFB4F538E}
	EndGlobalSection
EndGlobal
